
Microsoft Visual Studio Solution File, Format Version 12.00
# Visual Studio Version 17
VisualStudioVersion = 17.3.32929.385
MinimumVisualStudioVersion = 10.0.40219.1
Project("{FAE04EC0-301F-11D3-BF4B-00C04F79EFBC}") = "lesson", "lesson\lesson.csproj", "{D6C9B72E-2A39-48C1-9467-D07D9823F9E6}"
EndProject
Global
	GlobalSection(SolutionConfigurationPlatforms) = preSolution
		Debug|Any CPU = Debug|Any CPU
		Release|Any CPU = Release|Any CPU
	EndGlobalSection
	GlobalSection(ProjectConfigurationPlatforms) = postSolution
		{D6C9B72E-2A39-48C1-9467-D07D9823F9E6}.Debug|Any CPU.ActiveCfg = Debug|Any CPU
		{D6C9B72E-2A39-48C1-9467-D07D9823F9E6}.Debug|Any CPU.Build.0 = Debug|Any CPU
		{D6C9B72E-2A39-48C1-9467-D07D9823F9E6}.Release|Any CPU.ActiveCfg = Release|Any CPU
		{D6C9B72E-2A39-48C1-9467-D07D9823F9E6}.Release|Any CPU.Build.0 = Release|Any CPU
	EndGlobalSection
	GlobalSection(SolutionProperties) = preSolution
		HideSolutionNode = FALSE
	EndGlobalSection
	GlobalSection(ExtensibilityGlobals) = postSolution
		SolutionGuid = {4C955298-72C0-4C60-B6B8-0D3BFEED7C02}
	EndGlobalSection
EndGlobal
